// !$*UTF8*$!
{
	archiveVersion = 1;
	classes = {
	};
	objectVersion = 48;
	objects = {

/* Begin PBXBuildFile section */
		A402CCFA2003368400A8917C /* CreateAccountViewController.swift in Sources */ = {isa = PBXBuildFile; fileRef = A402CCF92003368400A8917C /* CreateAccountViewController.swift */; };
		A43295C6200F2485008311D8 /* Note in Resources */ = {isa = PBXBuildFile; fileRef = A43295C5200F2485008311D8 /* Note */; };
		A43295C8200F24E0008311D8 /* UserDataService.swift in Sources */ = {isa = PBXBuildFile; fileRef = A43295C7200F24E0008311D8 /* UserDataService.swift */; };
		A43295CA2011C6B8008311D8 /* AvatarPickerViewController.swift in Sources */ = {isa = PBXBuildFile; fileRef = A43295C92011C6B8008311D8 /* AvatarPickerViewController.swift */; };
		A43295CC2011CB59008311D8 /* AvatarCollectionViewCell.swift in Sources */ = {isa = PBXBuildFile; fileRef = A43295CB2011CB59008311D8 /* AvatarCollectionViewCell.swift */; };
		A43295CE20186370008311D8 /* CircleImageView.swift in Sources */ = {isa = PBXBuildFile; fileRef = A43295CD20186370008311D8 /* CircleImageView.swift */; };
		A4815A8D2022AEE4002552D0 /* Channel.swift in Sources */ = {isa = PBXBuildFile; fileRef = A4815A8C2022AEE4002552D0 /* Channel.swift */; };
		A4815A8F2022C2FD002552D0 /* ChannelTableViewCell.swift in Sources */ = {isa = PBXBuildFile; fileRef = A4815A8E2022C2FD002552D0 /* ChannelTableViewCell.swift */; };
		A4815A922023FFBC002552D0 /* AddChannelViewController.swift in Sources */ = {isa = PBXBuildFile; fileRef = A4815A902023FFBC002552D0 /* AddChannelViewController.swift */; };
		A4815A932023FFBC002552D0 /* AddChannelViewController.xib in Resources */ = {isa = PBXBuildFile; fileRef = A4815A912023FFBC002552D0 /* AddChannelViewController.xib */; };
		A4815A9520258130002552D0 /* SocketService.swift in Sources */ = {isa = PBXBuildFile; fileRef = A4815A9420258130002552D0 /* SocketService.swift */; };
		A48CCA38201E8B3D00C5080E /* ProfileViewController.swift in Sources */ = {isa = PBXBuildFile; fileRef = A48CCA36201E8B3D00C5080E /* ProfileViewController.swift */; };
		A48CCA39201E8B3D00C5080E /* ProfileViewController.xib in Resources */ = {isa = PBXBuildFile; fileRef = A48CCA37201E8B3D00C5080E /* ProfileViewController.xib */; };
		A48CCA3C20219CB800C5080E /* MessageService.swift in Sources */ = {isa = PBXBuildFile; fileRef = A48CCA3B20219CB800C5080E /* MessageService.swift */; };
		A4C6BF061FFCB702000EA84E /* GradientUIView.swift in Sources */ = {isa = PBXBuildFile; fileRef = A4C6BF051FFCB702000EA84E /* GradientUIView.swift */; };
		A4CD0E521FF9F03700BD9BE2 /* AppDelegate.swift in Sources */ = {isa = PBXBuildFile; fileRef = A4CD0E511FF9F03700BD9BE2 /* AppDelegate.swift */; };
		A4CD0E571FF9F03700BD9BE2 /* Main.storyboard in Resources */ = {isa = PBXBuildFile; fileRef = A4CD0E551FF9F03700BD9BE2 /* Main.storyboard */; };
		A4CD0E591FF9F03700BD9BE2 /* Assets.xcassets in Resources */ = {isa = PBXBuildFile; fileRef = A4CD0E581FF9F03700BD9BE2 /* Assets.xcassets */; };
		A4CD0E5C1FF9F03700BD9BE2 /* LaunchScreen.storyboard in Resources */ = {isa = PBXBuildFile; fileRef = A4CD0E5A1FF9F03700BD9BE2 /* LaunchScreen.storyboard */; };
		A4CD0E951FFB508F00BD9BE2 /* SWRevealViewController.m in Sources */ = {isa = PBXBuildFile; fileRef = A4CD0E941FFB508F00BD9BE2 /* SWRevealViewController.m */; };
		A4CD0E9A1FFB525900BD9BE2 /* ChatViewController.swift in Sources */ = {isa = PBXBuildFile; fileRef = A4CD0E991FFB525900BD9BE2 /* ChatViewController.swift */; };
		A4CD0E9C1FFB526A00BD9BE2 /* ChannelViewController.swift in Sources */ = {isa = PBXBuildFile; fileRef = A4CD0E9B1FFB526A00BD9BE2 /* ChannelViewController.swift */; };
		A4F5D7481FFF3B2200171AB3 /* Constants.swift in Sources */ = {isa = PBXBuildFile; fileRef = A4F5D7471FFF3B2200171AB3 /* Constants.swift */; };
		A4F5D74A20007EEA00171AB3 /* LoginViewController.swift in Sources */ = {isa = PBXBuildFile; fileRef = A4F5D74920007EEA00171AB3 /* LoginViewController.swift */; };
		A4FAB883200963D200216F08 /* AuthService.swift in Sources */ = {isa = PBXBuildFile; fileRef = A4FAB882200963D200216F08 /* AuthService.swift */; };
		A4FAB898200969BC00216F08 /* Alamofire.framework in Frameworks */ = {isa = PBXBuildFile; fileRef = A4FAB899200969BC00216F08 /* Alamofire.framework */; };
		A4FAB89A200969C200216F08 /* Pods_Smack.framework in Frameworks */ = {isa = PBXBuildFile; fileRef = A4FAB89E200969C200216F08 /* Pods_Smack.framework */; };
		A4FAB89B200969C200216F08 /* SocketIO.framework in Frameworks */ = {isa = PBXBuildFile; fileRef = A4FAB89F200969C200216F08 /* SocketIO.framework */; };
		A4FAB89C200969C200216F08 /* Starscream.framework in Frameworks */ = {isa = PBXBuildFile; fileRef = A4FAB8A0200969C200216F08 /* Starscream.framework */; };
		A4FAB89D200969C200216F08 /* SwiftyJSON.framework in Frameworks */ = {isa = PBXBuildFile; fileRef = A4FAB8A1200969C200216F08 /* SwiftyJSON.framework */; };
		A4FAB8A3200C873500216F08 /* RoundedButton.swift in Sources */ = {isa = PBXBuildFile; fileRef = A4FAB8A2200C873500216F08 /* RoundedButton.swift */; };
		A4FAC20020294D2D00F34F78 /* Message.swift in Sources */ = {isa = PBXBuildFile; fileRef = A4FAC1FF20294D2D00F34F78 /* Message.swift */; };
		A4FAC202202A96D900F34F78 /* KeyboardBoundView.swift in Sources */ = {isa = PBXBuildFile; fileRef = A4FAC201202A96D900F34F78 /* KeyboardBoundView.swift */; };
		A4FAC204202A9F4C00F34F78 /* MessageTableViewCell.swift in Sources */ = {isa = PBXBuildFile; fileRef = A4FAC203202A9F4C00F34F78 /* MessageTableViewCell.swift */; };
/* End PBXBuildFile section */

/* Begin PBXFileReference section */
		7F0D31684C22EFBB07339832 /* Pods-Smack.release.xcconfig */ = {isa = PBXFileReference; includeInIndex = 1; lastKnownFileType = text.xcconfig; name = "Pods-Smack.release.xcconfig"; path = "Pods/Target Support Files/Pods-Smack/Pods-Smack.release.xcconfig"; sourceTree = "<group>"; };
		A402CCF92003368400A8917C /* CreateAccountViewController.swift */ = {isa = PBXFileReference; lastKnownFileType = sourcecode.swift; path = CreateAccountViewController.swift; sourceTree = "<group>"; };
		A43295C5200F2485008311D8 /* Note */ = {isa = PBXFileReference; lastKnownFileType = text; path = Note; sourceTree = "<group>"; };
		A43295C7200F24E0008311D8 /* UserDataService.swift */ = {isa = PBXFileReference; lastKnownFileType = sourcecode.swift; path = UserDataService.swift; sourceTree = "<group>"; };
		A43295C92011C6B8008311D8 /* AvatarPickerViewController.swift */ = {isa = PBXFileReference; lastKnownFileType = sourcecode.swift; path = AvatarPickerViewController.swift; sourceTree = "<group>"; };
		A43295CB2011CB59008311D8 /* AvatarCollectionViewCell.swift */ = {isa = PBXFileReference; lastKnownFileType = sourcecode.swift; path = AvatarCollectionViewCell.swift; sourceTree = "<group>"; };
		A43295CD20186370008311D8 /* CircleImageView.swift */ = {isa = PBXFileReference; lastKnownFileType = sourcecode.swift; path = CircleImageView.swift; sourceTree = "<group>"; };
		A4815A8C2022AEE4002552D0 /* Channel.swift */ = {isa = PBXFileReference; lastKnownFileType = sourcecode.swift; path = Channel.swift; sourceTree = "<group>"; };
		A4815A8E2022C2FD002552D0 /* ChannelTableViewCell.swift */ = {isa = PBXFileReference; lastKnownFileType = sourcecode.swift; path = ChannelTableViewCell.swift; sourceTree = "<group>"; };
		A4815A902023FFBC002552D0 /* AddChannelViewController.swift */ = {isa = PBXFileReference; lastKnownFileType = sourcecode.swift; path = AddChannelViewController.swift; sourceTree = "<group>"; };
		A4815A912023FFBC002552D0 /* AddChannelViewController.xib */ = {isa = PBXFileReference; lastKnownFileType = file.xib; path = AddChannelViewController.xib; sourceTree = "<group>"; };
		A4815A9420258130002552D0 /* SocketService.swift */ = {isa = PBXFileReference; lastKnownFileType = sourcecode.swift; path = SocketService.swift; sourceTree = "<group>"; };
		A48CCA36201E8B3D00C5080E /* ProfileViewController.swift */ = {isa = PBXFileReference; lastKnownFileType = sourcecode.swift; path = ProfileViewController.swift; sourceTree = "<group>"; };
		A48CCA37201E8B3D00C5080E /* ProfileViewController.xib */ = {isa = PBXFileReference; lastKnownFileType = file.xib; path = ProfileViewController.xib; sourceTree = "<group>"; };
		A48CCA3B20219CB800C5080E /* MessageService.swift */ = {isa = PBXFileReference; lastKnownFileType = sourcecode.swift; path = MessageService.swift; sourceTree = "<group>"; };
		A4C6BF051FFCB702000EA84E /* GradientUIView.swift */ = {isa = PBXFileReference; lastKnownFileType = sourcecode.swift; path = GradientUIView.swift; sourceTree = "<group>"; };
		A4CD0E4E1FF9F03700BD9BE2 /* Smack.app */ = {isa = PBXFileReference; explicitFileType = wrapper.application; includeInIndex = 0; path = Smack.app; sourceTree = BUILT_PRODUCTS_DIR; };
		A4CD0E511FF9F03700BD9BE2 /* AppDelegate.swift */ = {isa = PBXFileReference; lastKnownFileType = sourcecode.swift; path = AppDelegate.swift; sourceTree = "<group>"; };
		A4CD0E561FF9F03700BD9BE2 /* Base */ = {isa = PBXFileReference; lastKnownFileType = file.storyboard; name = Base; path = Base.lproj/Main.storyboard; sourceTree = "<group>"; };
		A4CD0E581FF9F03700BD9BE2 /* Assets.xcassets */ = {isa = PBXFileReference; lastKnownFileType = folder.assetcatalog; path = Assets.xcassets; sourceTree = "<group>"; };
		A4CD0E5B1FF9F03700BD9BE2 /* Base */ = {isa = PBXFileReference; lastKnownFileType = file.storyboard; name = Base; path = Base.lproj/LaunchScreen.storyboard; sourceTree = "<group>"; };
		A4CD0E5D1FF9F03700BD9BE2 /* Info.plist */ = {isa = PBXFileReference; lastKnownFileType = text.plist.xml; path = Info.plist; sourceTree = "<group>"; };
		A4CD0E921FFB508E00BD9BE2 /* Smack-Bridging-Header.h */ = {isa = PBXFileReference; lastKnownFileType = sourcecode.c.h; path = "Smack-Bridging-Header.h"; sourceTree = "<group>"; };
		A4CD0E931FFB508F00BD9BE2 /* SWRevealViewController.h */ = {isa = PBXFileReference; fileEncoding = 4; lastKnownFileType = sourcecode.c.h; path = SWRevealViewController.h; sourceTree = "<group>"; };
		A4CD0E941FFB508F00BD9BE2 /* SWRevealViewController.m */ = {isa = PBXFileReference; fileEncoding = 4; lastKnownFileType = sourcecode.c.objc; path = SWRevealViewController.m; sourceTree = "<group>"; };
		A4CD0E991FFB525900BD9BE2 /* ChatViewController.swift */ = {isa = PBXFileReference; lastKnownFileType = sourcecode.swift; path = ChatViewController.swift; sourceTree = "<group>"; };
		A4CD0E9B1FFB526A00BD9BE2 /* ChannelViewController.swift */ = {isa = PBXFileReference; lastKnownFileType = sourcecode.swift; path = ChannelViewController.swift; sourceTree = "<group>"; };
		A4F5D7471FFF3B2200171AB3 /* Constants.swift */ = {isa = PBXFileReference; lastKnownFileType = sourcecode.swift; path = Constants.swift; sourceTree = "<group>"; };
		A4F5D74920007EEA00171AB3 /* LoginViewController.swift */ = {isa = PBXFileReference; lastKnownFileType = sourcecode.swift; path = LoginViewController.swift; sourceTree = "<group>"; };
		A4FAB882200963D200216F08 /* AuthService.swift */ = {isa = PBXFileReference; lastKnownFileType = sourcecode.swift; path = AuthService.swift; sourceTree = "<group>"; };
		A4FAB892200967DF00216F08 /* Alamofire.framework */ = {isa = PBXFileReference; explicitFileType = wrapper.framework; path = Alamofire.framework; sourceTree = BUILT_PRODUCTS_DIR; };
		A4FAB893200967DF00216F08 /* Pods_Smack.framework */ = {isa = PBXFileReference; explicitFileType = wrapper.framework; path = Pods_Smack.framework; sourceTree = BUILT_PRODUCTS_DIR; };
		A4FAB894200967DF00216F08 /* SocketIO.framework */ = {isa = PBXFileReference; explicitFileType = wrapper.framework; path = SocketIO.framework; sourceTree = BUILT_PRODUCTS_DIR; };
		A4FAB895200967DF00216F08 /* Starscream.framework */ = {isa = PBXFileReference; explicitFileType = wrapper.framework; path = Starscream.framework; sourceTree = BUILT_PRODUCTS_DIR; };
		A4FAB896200967DF00216F08 /* SwiftyJSON.framework */ = {isa = PBXFileReference; explicitFileType = wrapper.framework; path = SwiftyJSON.framework; sourceTree = BUILT_PRODUCTS_DIR; };
		A4FAB899200969BC00216F08 /* Alamofire.framework */ = {isa = PBXFileReference; explicitFileType = wrapper.framework; path = Alamofire.framework; sourceTree = BUILT_PRODUCTS_DIR; };
		A4FAB89E200969C200216F08 /* Pods_Smack.framework */ = {isa = PBXFileReference; explicitFileType = wrapper.framework; path = Pods_Smack.framework; sourceTree = BUILT_PRODUCTS_DIR; };
		A4FAB89F200969C200216F08 /* SocketIO.framework */ = {isa = PBXFileReference; explicitFileType = wrapper.framework; path = SocketIO.framework; sourceTree = BUILT_PRODUCTS_DIR; };
		A4FAB8A0200969C200216F08 /* Starscream.framework */ = {isa = PBXFileReference; explicitFileType = wrapper.framework; path = Starscream.framework; sourceTree = BUILT_PRODUCTS_DIR; };
		A4FAB8A1200969C200216F08 /* SwiftyJSON.framework */ = {isa = PBXFileReference; explicitFileType = wrapper.framework; path = SwiftyJSON.framework; sourceTree = BUILT_PRODUCTS_DIR; };
		A4FAB8A2200C873500216F08 /* RoundedButton.swift */ = {isa = PBXFileReference; lastKnownFileType = sourcecode.swift; path = RoundedButton.swift; sourceTree = "<group>"; };
		A4FAC1FF20294D2D00F34F78 /* Message.swift */ = {isa = PBXFileReference; lastKnownFileType = sourcecode.swift; path = Message.swift; sourceTree = "<group>"; };
		A4FAC201202A96D900F34F78 /* KeyboardBoundView.swift */ = {isa = PBXFileReference; fileEncoding = 4; lastKnownFileType = sourcecode.swift; path = KeyboardBoundView.swift; sourceTree = "<group>"; };
		A4FAC203202A9F4C00F34F78 /* MessageTableViewCell.swift */ = {isa = PBXFileReference; lastKnownFileType = sourcecode.swift; path = MessageTableViewCell.swift; sourceTree = "<group>"; };
		B3B866F7FB935879E05699C2 /* Pods-Smack.debug.xcconfig */ = {isa = PBXFileReference; includeInIndex = 1; lastKnownFileType = text.xcconfig; name = "Pods-Smack.debug.xcconfig"; path = "Pods/Target Support Files/Pods-Smack/Pods-Smack.debug.xcconfig"; sourceTree = "<group>"; };
/* End PBXFileReference section */

/* Begin PBXFrameworksBuildPhase section */
		A4CD0E4B1FF9F03700BD9BE2 /* Frameworks */ = {
			isa = PBXFrameworksBuildPhase;
			buildActionMask = 2147483647;
			files = (
				A4FAB89A200969C200216F08 /* Pods_Smack.framework in Frameworks */,
				A4FAB89B200969C200216F08 /* SocketIO.framework in Frameworks */,
				A4FAB89C200969C200216F08 /* Starscream.framework in Frameworks */,
				A4FAB89D200969C200216F08 /* SwiftyJSON.framework in Frameworks */,
				A4FAB898200969BC00216F08 /* Alamofire.framework in Frameworks */,
			);
			runOnlyForDeploymentPostprocessing = 0;
		};
/* End PBXFrameworksBuildPhase section */

/* Begin PBXGroup section */
		814ECD3F811F04F0BB59D0AB /* Pods */ = {
			isa = PBXGroup;
			children = (
				B3B866F7FB935879E05699C2 /* Pods-Smack.debug.xcconfig */,
				7F0D31684C22EFBB07339832 /* Pods-Smack.release.xcconfig */,
			);
			name = Pods;
			sourceTree = "<group>";
		};
		A48CCA3A201E8B5D00C5080E /* XIBs */ = {
			isa = PBXGroup;
			children = (
				A48CCA37201E8B3D00C5080E /* ProfileViewController.xib */,
				A4815A912023FFBC002552D0 /* AddChannelViewController.xib */,
			);
			path = XIBs;
			sourceTree = "<group>";
		};
		A4CD0E451FF9F03700BD9BE2 = {
			isa = PBXGroup;
			children = (
				A4CD0E501FF9F03700BD9BE2 /* Smack */,
				A4CD0E4F1FF9F03700BD9BE2 /* Products */,
				A4FAB88C200967DE00216F08 /* Frameworks */,
				814ECD3F811F04F0BB59D0AB /* Pods */,
			);
			sourceTree = "<group>";
		};
		A4CD0E4F1FF9F03700BD9BE2 /* Products */ = {
			isa = PBXGroup;
			children = (
				A4CD0E4E1FF9F03700BD9BE2 /* Smack.app */,
			);
			name = Products;
			sourceTree = "<group>";
		};
		A4CD0E501FF9F03700BD9BE2 /* Smack */ = {
			isa = PBXGroup;
			children = (
				A48CCA3A201E8B5D00C5080E /* XIBs */,
				A4FAB881200963B300216F08 /* Services */,
				A4F5D7461FFF3B0600171AB3 /* Utillities */,
				A4CD0E961FFB521900BD9BE2 /* Model */,
				A4CD0E981FFB522900BD9BE2 /* View */,
				A4CD0E971FFB522300BD9BE2 /* Controller */,
				A4CD0E911FFB506000BD9BE2 /* Supporting Files */,
				A4CD0E511FF9F03700BD9BE2 /* AppDelegate.swift */,
				A4CD0E551FF9F03700BD9BE2 /* Main.storyboard */,
				A4CD0E5A1FF9F03700BD9BE2 /* LaunchScreen.storyboard */,
				A4CD0E581FF9F03700BD9BE2 /* Assets.xcassets */,
				A4CD0E5D1FF9F03700BD9BE2 /* Info.plist */,
				A43295C5200F2485008311D8 /* Note */,
			);
			path = Smack;
			sourceTree = "<group>";
		};
		A4CD0E911FFB506000BD9BE2 /* Supporting Files */ = {
			isa = PBXGroup;
			children = (
				A4CD0E931FFB508F00BD9BE2 /* SWRevealViewController.h */,
				A4CD0E941FFB508F00BD9BE2 /* SWRevealViewController.m */,
				A4CD0E921FFB508E00BD9BE2 /* Smack-Bridging-Header.h */,
			);
			path = "Supporting Files";
			sourceTree = "<group>";
		};
		A4CD0E961FFB521900BD9BE2 /* Model */ = {
			isa = PBXGroup;
			children = (
				A4815A8C2022AEE4002552D0 /* Channel.swift */,
				A4FAC1FF20294D2D00F34F78 /* Message.swift */,
			);
			path = Model;
			sourceTree = "<group>";
		};
		A4CD0E971FFB522300BD9BE2 /* Controller */ = {
			isa = PBXGroup;
			children = (
				A4CD0E991FFB525900BD9BE2 /* ChatViewController.swift */,
				A4CD0E9B1FFB526A00BD9BE2 /* ChannelViewController.swift */,
				A4F5D74920007EEA00171AB3 /* LoginViewController.swift */,
				A402CCF92003368400A8917C /* CreateAccountViewController.swift */,
				A43295C92011C6B8008311D8 /* AvatarPickerViewController.swift */,
				A48CCA36201E8B3D00C5080E /* ProfileViewController.swift */,
				A4815A902023FFBC002552D0 /* AddChannelViewController.swift */,
			);
			path = Controller;
			sourceTree = "<group>";
		};
		A4CD0E981FFB522900BD9BE2 /* View */ = {
			isa = PBXGroup;
			children = (
				A4C6BF051FFCB702000EA84E /* GradientUIView.swift */,
				A4FAB8A2200C873500216F08 /* RoundedButton.swift */,
				A43295CB2011CB59008311D8 /* AvatarCollectionViewCell.swift */,
				A43295CD20186370008311D8 /* CircleImageView.swift */,
				A4815A8E2022C2FD002552D0 /* ChannelTableViewCell.swift */,
				A4FAC201202A96D900F34F78 /* KeyboardBoundView.swift */,
				A4FAC203202A9F4C00F34F78 /* MessageTableViewCell.swift */,
			);
			path = View;
			sourceTree = "<group>";
		};
		A4F5D7461FFF3B0600171AB3 /* Utillities */ = {
			isa = PBXGroup;
			children = (
				A4F5D7471FFF3B2200171AB3 /* Constants.swift */,
			);
			path = Utillities;
			sourceTree = "<group>";
		};
		A4FAB881200963B300216F08 /* Services */ = {
			isa = PBXGroup;
			children = (
				A4FAB882200963D200216F08 /* AuthService.swift */,
				A43295C7200F24E0008311D8 /* UserDataService.swift */,
				A48CCA3B20219CB800C5080E /* MessageService.swift */,
				A4815A9420258130002552D0 /* SocketService.swift */,
			);
			path = Services;
			sourceTree = "<group>";
		};
		A4FAB88C200967DE00216F08 /* Frameworks */ = {
			isa = PBXGroup;
			children = (
				A4FAB89E200969C200216F08 /* Pods_Smack.framework */,
				A4FAB89F200969C200216F08 /* SocketIO.framework */,
				A4FAB8A0200969C200216F08 /* Starscream.framework */,
				A4FAB8A1200969C200216F08 /* SwiftyJSON.framework */,
				A4FAB899200969BC00216F08 /* Alamofire.framework */,
				A4FAB892200967DF00216F08 /* Alamofire.framework */,
				A4FAB893200967DF00216F08 /* Pods_Smack.framework */,
				A4FAB894200967DF00216F08 /* SocketIO.framework */,
				A4FAB895200967DF00216F08 /* Starscream.framework */,
				A4FAB896200967DF00216F08 /* SwiftyJSON.framework */,
			);
			name = Frameworks;
			sourceTree = "<group>";
		};
/* End PBXGroup section */

/* Begin PBXNativeTarget section */
		A4CD0E4D1FF9F03700BD9BE2 /* Smack */ = {
			isa = PBXNativeTarget;
			buildConfigurationList = A4CD0E601FF9F03700BD9BE2 /* Build configuration list for PBXNativeTarget "Smack" */;
			buildPhases = (
				0EA510FE6C262F8E0A85E379 /* [CP] Check Pods Manifest.lock */,
				A4CD0E4A1FF9F03700BD9BE2 /* Sources */,
				A4CD0E4B1FF9F03700BD9BE2 /* Frameworks */,
				A4CD0E4C1FF9F03700BD9BE2 /* Resources */,
				61027C6ABA36FC0CF5C9EA2B /* [CP] Embed Pods Frameworks */,
				6D0694C985D8EC75A0E1BB97 /* [CP] Copy Pods Resources */,
			);
			buildRules = (
			);
			dependencies = (
			);
			name = Smack;
			productName = Smack;
			productReference = A4CD0E4E1FF9F03700BD9BE2 /* Smack.app */;
			productType = "com.apple.product-type.application";
		};
/* End PBXNativeTarget section */

/* Begin PBXProject section */
		A4CD0E461FF9F03700BD9BE2 /* Project object */ = {
			isa = PBXProject;
			attributes = {
				LastSwiftUpdateCheck = 0920;
				LastUpgradeCheck = 0920;
				ORGANIZATIONNAME = JoP;
				TargetAttributes = {
					A4CD0E4D1FF9F03700BD9BE2 = {
						CreatedOnToolsVersion = 9.2;
						LastSwiftMigration = 0920;
						ProvisioningStyle = Automatic;
					};
				};
			};
			buildConfigurationList = A4CD0E491FF9F03700BD9BE2 /* Build configuration list for PBXProject "Smack" */;
			compatibilityVersion = "Xcode 8.0";
			developmentRegion = en;
			hasScannedForEncodings = 0;
			knownRegions = (
				en,
				Base,
			);
			mainGroup = A4CD0E451FF9F03700BD9BE2;
			productRefGroup = A4CD0E4F1FF9F03700BD9BE2 /* Products */;
			projectDirPath = "";
			projectRoot = "";
			targets = (
				A4CD0E4D1FF9F03700BD9BE2 /* Smack */,
			);
		};
/* End PBXProject section */

/* Begin PBXResourcesBuildPhase section */
		A4CD0E4C1FF9F03700BD9BE2 /* Resources */ = {
			isa = PBXResourcesBuildPhase;
			buildActionMask = 2147483647;
			files = (
				A4CD0E5C1FF9F03700BD9BE2 /* LaunchScreen.storyboard in Resources */,
				A4CD0E591FF9F03700BD9BE2 /* Assets.xcassets in Resources */,
				A4815A932023FFBC002552D0 /* AddChannelViewController.xib in Resources */,
				A43295C6200F2485008311D8 /* Note in Resources */,
				A48CCA39201E8B3D00C5080E /* ProfileViewController.xib in Resources */,
				A4CD0E571FF9F03700BD9BE2 /* Main.storyboard in Resources */,
			);
			runOnlyForDeploymentPostprocessing = 0;
		};
/* End PBXResourcesBuildPhase section */

/* Begin PBXShellScriptBuildPhase section */
		0EA510FE6C262F8E0A85E379 /* [CP] Check Pods Manifest.lock */ = {
			isa = PBXShellScriptBuildPhase;
			buildActionMask = 2147483647;
			files = (
			);
			inputPaths = (
			);
			name = "[CP] Check Pods Manifest.lock";
			outputPaths = (
			);
			runOnlyForDeploymentPostprocessing = 0;
			shellPath = /bin/sh;
			shellScript = "diff \"${PODS_ROOT}/../Podfile.lock\" \"${PODS_ROOT}/Manifest.lock\" > /dev/null\nif [ $? != 0 ] ; then\n    # print error to STDERR\n    echo \"error: The sandbox is not in sync with the Podfile.lock. Run 'pod install' or update your CocoaPods installation.\" >&2\n    exit 1\nfi\n";
			showEnvVarsInLog = 0;
		};
		61027C6ABA36FC0CF5C9EA2B /* [CP] Embed Pods Frameworks */ = {
			isa = PBXShellScriptBuildPhase;
			buildActionMask = 2147483647;
			files = (
			);
			inputPaths = (
			);
			name = "[CP] Embed Pods Frameworks";
			outputPaths = (
			);
			runOnlyForDeploymentPostprocessing = 0;
			shellPath = /bin/sh;
			shellScript = "\"${SRCROOT}/Pods/Target Support Files/Pods-Smack/Pods-Smack-frameworks.sh\"\n";
			showEnvVarsInLog = 0;
		};
		6D0694C985D8EC75A0E1BB97 /* [CP] Copy Pods Resources */ = {
			isa = PBXShellScriptBuildPhase;
			buildActionMask = 2147483647;
			files = (
			);
			inputPaths = (
			);
			name = "[CP] Copy Pods Resources";
			outputPaths = (
			);
			runOnlyForDeploymentPostprocessing = 0;
			shellPath = /bin/sh;
			shellScript = "\"${SRCROOT}/Pods/Target Support Files/Pods-Smack/Pods-Smack-resources.sh\"\n";
			showEnvVarsInLog = 0;
		};
/* End PBXShellScriptBuildPhase section */

/* Begin PBXSourcesBuildPhase section */
		A4CD0E4A1FF9F03700BD9BE2 /* Sources */ = {
			isa = PBXSourcesBuildPhase;
			buildActionMask = 2147483647;
			files = (
				A4FAC202202A96D900F34F78 /* KeyboardBoundView.swift in Sources */,
				A4815A9520258130002552D0 /* SocketService.swift in Sources */,
				A4F5D74A20007EEA00171AB3 /* LoginViewController.swift in Sources */,
				A4FAB8A3200C873500216F08 /* RoundedButton.swift in Sources */,
				A43295CE20186370008311D8 /* CircleImageView.swift in Sources */,
				A4CD0E521FF9F03700BD9BE2 /* AppDelegate.swift in Sources */,
				A4815A8D2022AEE4002552D0 /* Channel.swift in Sources */,
				A4FAC20020294D2D00F34F78 /* Message.swift in Sources */,
				A4815A8F2022C2FD002552D0 /* ChannelTableViewCell.swift in Sources */,
				A43295C8200F24E0008311D8 /* UserDataService.swift in Sources */,
				A48CCA3C20219CB800C5080E /* MessageService.swift in Sources */,
				A43295CC2011CB59008311D8 /* AvatarCollectionViewCell.swift in Sources */,
				A4CD0E9A1FFB525900BD9BE2 /* ChatViewController.swift in Sources */,
				A4FAB883200963D200216F08 /* AuthService.swift in Sources */,
				A43295CA2011C6B8008311D8 /* AvatarPickerViewController.swift in Sources */,
				A4CD0E9C1FFB526A00BD9BE2 /* ChannelViewController.swift in Sources */,
				A4815A922023FFBC002552D0 /* AddChannelViewController.swift in Sources */,
				A402CCFA2003368400A8917C /* CreateAccountViewController.swift in Sources */,
				A4CD0E951FFB508F00BD9BE2 /* SWRevealViewController.m in Sources */,
				A4FAC204202A9F4C00F34F78 /* MessageTableViewCell.swift in Sources */,
				A48CCA38201E8B3D00C5080E /* ProfileViewController.swift in Sources */,
				A4C6BF061FFCB702000EA84E /* GradientUIView.swift in Sources */,
				A4F5D7481FFF3B2200171AB3 /* Constants.swift in Sources */,
			);
			runOnlyForDeploymentPostprocessing = 0;
		};
/* End PBXSourcesBuildPhase section */

/* Begin PBXVariantGroup section */
		A4CD0E551FF9F03700BD9BE2 /* Main.storyboard */ = {
			isa = PBXVariantGroup;
			children = (
				A4CD0E561FF9F03700BD9BE2 /* Base */,
			);
			name = Main.storyboard;
			sourceTree = "<group>";
		};
		A4CD0E5A1FF9F03700BD9BE2 /* LaunchScreen.storyboard */ = {
			isa = PBXVariantGroup;
			children = (
				A4CD0E5B1FF9F03700BD9BE2 /* Base */,
			);
			name = LaunchScreen.storyboard;
			sourceTree = "<group>";
		};
/* End PBXVariantGroup section */

/* Begin XCBuildConfiguration section */
		A4CD0E5E1FF9F03700BD9BE2 /* Debug */ = {
			isa = XCBuildConfiguration;
			buildSettings = {
				ALWAYS_SEARCH_USER_PATHS = NO;
				CLANG_ANALYZER_NONNULL = YES;
				CLANG_ANALYZER_NUMBER_OBJECT_CONVERSION = YES_AGGRESSIVE;
				CLANG_CXX_LANGUAGE_STANDARD = "gnu++14";
				CLANG_CXX_LIBRARY = "libc++";
				CLANG_ENABLE_MODULES = YES;
				CLANG_ENABLE_OBJC_ARC = YES;
				CLANG_WARN_BLOCK_CAPTURE_AUTORELEASING = YES;
				CLANG_WARN_BOOL_CONVERSION = YES;
				CLANG_WARN_COMMA = YES;
				CLANG_WARN_CONSTANT_CONVERSION = YES;
				CLANG_WARN_DIRECT_OBJC_ISA_USAGE = YES_ERROR;
				CLANG_WARN_DOCUMENTATION_COMMENTS = YES;
				CLANG_WARN_EMPTY_BODY = YES;
				CLANG_WARN_ENUM_CONVERSION = YES;
				CLANG_WARN_INFINITE_RECURSION = YES;
				CLANG_WARN_INT_CONVERSION = YES;
				CLANG_WARN_NON_LITERAL_NULL_CONVERSION = YES;
				CLANG_WARN_OBJC_LITERAL_CONVERSION = YES;
				CLANG_WARN_OBJC_ROOT_CLASS = YES_ERROR;
				CLANG_WARN_RANGE_LOOP_ANALYSIS = YES;
				CLANG_WARN_STRICT_PROTOTYPES = YES;
				CLANG_WARN_SUSPICIOUS_MOVE = YES;
				CLANG_WARN_UNGUARDED_AVAILABILITY = YES_AGGRESSIVE;
				CLANG_WARN_UNREACHABLE_CODE = YES;
				CLANG_WARN__DUPLICATE_METHOD_MATCH = YES;
				CODE_SIGN_IDENTITY = "iPhone Developer";
				COPY_PHASE_STRIP = NO;
				DEBUG_INFORMATION_FORMAT = dwarf;
				ENABLE_STRICT_OBJC_MSGSEND = YES;
				ENABLE_TESTABILITY = YES;
				GCC_C_LANGUAGE_STANDARD = gnu11;
				GCC_DYNAMIC_NO_PIC = NO;
				GCC_NO_COMMON_BLOCKS = YES;
				GCC_OPTIMIZATION_LEVEL = 0;
				GCC_PREPROCESSOR_DEFINITIONS = (
					"DEBUG=1",
					"$(inherited)",
				);
				GCC_WARN_64_TO_32_BIT_CONVERSION = YES;
				GCC_WARN_ABOUT_RETURN_TYPE = YES_ERROR;
				GCC_WARN_UNDECLARED_SELECTOR = YES;
				GCC_WARN_UNINITIALIZED_AUTOS = YES_AGGRESSIVE;
				GCC_WARN_UNUSED_FUNCTION = YES;
				GCC_WARN_UNUSED_VARIABLE = YES;
				IPHONEOS_DEPLOYMENT_TARGET = 11.2;
				MTL_ENABLE_DEBUG_INFO = YES;
				ONLY_ACTIVE_ARCH = YES;
				SDKROOT = iphoneos;
				SWIFT_ACTIVE_COMPILATION_CONDITIONS = DEBUG;
				SWIFT_OPTIMIZATION_LEVEL = "-Onone";
			};
			name = Debug;
		};
		A4CD0E5F1FF9F03700BD9BE2 /* Release */ = {
			isa = XCBuildConfiguration;
			buildSettings = {
				ALWAYS_SEARCH_USER_PATHS = NO;
				CLANG_ANALYZER_NONNULL = YES;
				CLANG_ANALYZER_NUMBER_OBJECT_CONVERSION = YES_AGGRESSIVE;
				CLANG_CXX_LANGUAGE_STANDARD = "gnu++14";
				CLANG_CXX_LIBRARY = "libc++";
				CLANG_ENABLE_MODULES = YES;
				CLANG_ENABLE_OBJC_ARC = YES;
				CLANG_WARN_BLOCK_CAPTURE_AUTORELEASING = YES;
				CLANG_WARN_BOOL_CONVERSION = YES;
				CLANG_WARN_COMMA = YES;
				CLANG_WARN_CONSTANT_CONVERSION = YES;
				CLANG_WARN_DIRECT_OBJC_ISA_USAGE = YES_ERROR;
				CLANG_WARN_DOCUMENTATION_COMMENTS = YES;
				CLANG_WARN_EMPTY_BODY = YES;
				CLANG_WARN_ENUM_CONVERSION = YES;
				CLANG_WARN_INFINITE_RECURSION = YES;
				CLANG_WARN_INT_CONVERSION = YES;
				CLANG_WARN_NON_LITERAL_NULL_CONVERSION = YES;
				CLANG_WARN_OBJC_LITERAL_CONVERSION = YES;
				CLANG_WARN_OBJC_ROOT_CLASS = YES_ERROR;
				CLANG_WARN_RANGE_LOOP_ANALYSIS = YES;
				CLANG_WARN_STRICT_PROTOTYPES = YES;
				CLANG_WARN_SUSPICIOUS_MOVE = YES;
				CLANG_WARN_UNGUARDED_AVAILABILITY = YES_AGGRESSIVE;
				CLANG_WARN_UNREACHABLE_CODE = YES;
				CLANG_WARN__DUPLICATE_METHOD_MATCH = YES;
				CODE_SIGN_IDENTITY = "iPhone Developer";
				COPY_PHASE_STRIP = NO;
				DEBUG_INFORMATION_FORMAT = "dwarf-with-dsym";
				ENABLE_NS_ASSERTIONS = NO;
				ENABLE_STRICT_OBJC_MSGSEND = YES;
				GCC_C_LANGUAGE_STANDARD = gnu11;
				GCC_NO_COMMON_BLOCKS = YES;
				GCC_WARN_64_TO_32_BIT_CONVERSION = YES;
				GCC_WARN_ABOUT_RETURN_TYPE = YES_ERROR;
				GCC_WARN_UNDECLARED_SELECTOR = YES;
				GCC_WARN_UNINITIALIZED_AUTOS = YES_AGGRESSIVE;
				GCC_WARN_UNUSED_FUNCTION = YES;
				GCC_WARN_UNUSED_VARIABLE = YES;
				IPHONEOS_DEPLOYMENT_TARGET = 11.2;
				MTL_ENABLE_DEBUG_INFO = NO;
				SDKROOT = iphoneos;
				SWIFT_OPTIMIZATION_LEVEL = "-Owholemodule";
				VALIDATE_PRODUCT = YES;
			};
			name = Release;
		};
		A4CD0E611FF9F03700BD9BE2 /* Debug */ = {
			isa = XCBuildConfiguration;
			baseConfigurationReference = B3B866F7FB935879E05699C2 /* Pods-Smack.debug.xcconfig */;
			buildSettings = {
				ASSETCATALOG_COMPILER_APPICON_NAME = AppIcon;
				CLANG_ENABLE_MODULES = YES;
				CODE_SIGN_STYLE = Automatic;
				DEVELOPMENT_TEAM = 3CW3DGXNW2;
				INFOPLIST_FILE = Smack/Info.plist;
				LD_RUNPATH_SEARCH_PATHS = "$(inherited) @executable_path/Frameworks";
				PRODUCT_BUNDLE_IDENTIFIER = JoP.Smack;
				PRODUCT_NAME = "$(TARGET_NAME)";
				SWIFT_OBJC_BRIDGING_HEADER = "Smack/Supporting Files/Smack-Bridging-Header.h";
				SWIFT_OPTIMIZATION_LEVEL = "-Onone";
				SWIFT_VERSION = 4.0;
				TARGETED_DEVICE_FAMILY = "1,2";
			};
			name = Debug;
		};
		A4CD0E621FF9F03700BD9BE2 /* Release */ = {
			isa = XCBuildConfiguration;
			baseConfigurationReference = 7F0D31684C22EFBB07339832 /* Pods-Smack.release.xcconfig */;
			buildSettings = {
				ASSETCATALOG_COMPILER_APPICON_NAME = AppIcon;
				CLANG_ENABLE_MODULES = YES;
				CODE_SIGN_STYLE = Automatic;
				DEVELOPMENT_TEAM = 3CW3DGXNW2;
				INFOPLIST_FILE = Smack/Info.plist;
				LD_RUNPATH_SEARCH_PATHS = "$(inherited) @executable_path/Frameworks";
				PRODUCT_BUNDLE_IDENTIFIER = JoP.Smack;
				PRODUCT_NAME = "$(TARGET_NAME)";
				SWIFT_OBJC_BRIDGING_HEADER = "Smack/Supporting Files/Smack-Bridging-Header.h";
				SWIFT_VERSION = 4.0;
				TARGETED_DEVICE_FAMILY = "1,2";
			};
			name = Release;
		};
/* End XCBuildConfiguration section */

/* Begin XCConfigurationList section */
		A4CD0E491FF9F03700BD9BE2 /* Build configuration list for PBXProject "Smack" */ = {
			isa = XCConfigurationList;
			buildConfigurations = (
				A4CD0E5E1FF9F03700BD9BE2 /* Debug */,
				A4CD0E5F1FF9F03700BD9BE2 /* Release */,
			);
			defaultConfigurationIsVisible = 0;
			defaultConfigurationName = Release;
		};
		A4CD0E601FF9F03700BD9BE2 /* Build configuration list for PBXNativeTarget "Smack" */ = {
			isa = XCConfigurationList;
			buildConfigurations = (
				A4CD0E611FF9F03700BD9BE2 /* Debug */,
				A4CD0E621FF9F03700BD9BE2 /* Release */,
			);
			defaultConfigurationIsVisible = 0;
			defaultConfigurationName = Release;
		};
/* End XCConfigurationList section */
	};
	rootObject = A4CD0E461FF9F03700BD9BE2 /* Project object */;
}
